
Microsoft Visual Studio Solution File, Format Version 12.00
# Visual Studio 15
VisualStudioVersion = 15.0.26430.6
MinimumVisualStudioVersion = 10.0.40219.1
Project("{8BC9CEB8-8B4A-11D0-8D11-00A0C91BC942}") = "exam1", "exam1\exam1.vcxproj", "{59445BDA-FBA9-4190-BF2C-A9298B69E794}"
EndProject
Project("{8BC9CEB8-8B4A-11D0-8D11-00A0C91BC942}") = "exam2", "exam2\exam2.vcxproj", "{5015C41A-6B07-4536-A48C-E387C94F64A3}"
EndProject
Project("{8BC9CEB8-8B4A-11D0-8D11-00A0C91BC942}") = "exam3", "exam3\exam3.vcxproj", "{217AC30E-2378-4D00-8EFC-677C0AB2D80E}"
EndProject
Project("{8BC9CEB8-8B4A-11D0-8D11-00A0C91BC942}") = "exam4", "exam4\exam4.vcxproj", "{1290C7BC-F6F6-4C62-8D17-7F4870CD1A6E}"
EndProject
Project("{8BC9CEB8-8B4A-11D0-8D11-00A0C91BC942}") = "exam5", "exam5\exam5.vcxproj", "{22E90C13-9E85-45E6-8736-00B76C91A08C}"
EndProject
Project("{8BC9CEB8-8B4A-11D0-8D11-00A0C91BC942}") = "exam6", "exam6\exam6.vcxproj", "{67049A7C-8BC8-4D9C-8EC2-814525D41A2A}"
EndProject
Project("{8BC9CEB8-8B4A-11D0-8D11-00A0C91BC942}") = "exam7", "exam7\exam7.vcxproj", "{7CB2B6C7-EF14-46E3-A4C1-54A9D8BBF9AB}"
EndProject
Global
	GlobalSection(SolutionConfigurationPlatforms) = preSolution
		Debug|x64 = Debug|x64
		Debug|x86 = Debug|x86
		Release|x64 = Release|x64
		Release|x86 = Release|x86
	EndGlobalSection
	GlobalSection(ProjectConfigurationPlatforms) = postSolution
		{59445BDA-FBA9-4190-BF2C-A9298B69E794}.Debug|x64.ActiveCfg = Debug|x64
		{59445BDA-FBA9-4190-BF2C-A9298B69E794}.Debug|x64.Build.0 = Debug|x64
		{59445BDA-FBA9-4190-BF2C-A9298B69E794}.Debug|x86.ActiveCfg = Debug|Win32
		{59445BDA-FBA9-4190-BF2C-A9298B69E794}.Debug|x86.Build.0 = Debug|Win32
		{59445BDA-FBA9-4190-BF2C-A9298B69E794}.Release|x64.ActiveCfg = Release|x64
		{59445BDA-FBA9-4190-BF2C-A9298B69E794}.Release|x64.Build.0 = Release|x64
		{59445BDA-FBA9-4190-BF2C-A9298B69E794}.Release|x86.ActiveCfg = Release|Win32
		{59445BDA-FBA9-4190-BF2C-A9298B69E794}.Release|x86.Build.0 = Release|Win32
		{5015C41A-6B07-4536-A48C-E387C94F64A3}.Debug|x64.ActiveCfg = Debug|x64
		{5015C41A-6B07-4536-A48C-E387C94F64A3}.Debug|x64.Build.0 = Debug|x64
		{5015C41A-6B07-4536-A48C-E387C94F64A3}.Debug|x86.ActiveCfg = Debug|Win32
		{5015C41A-6B07-4536-A48C-E387C94F64A3}.Debug|x86.Build.0 = Debug|Win32
		{5015C41A-6B07-4536-A48C-E387C94F64A3}.Release|x64.ActiveCfg = Release|x64
		{5015C41A-6B07-4536-A48C-E387C94F64A3}.Release|x64.Build.0 = Release|x64
		{5015C41A-6B07-4536-A48C-E387C94F64A3}.Release|x86.ActiveCfg = Release|Win32
		{5015C41A-6B07-4536-A48C-E387C94F64A3}.Release|x86.Build.0 = Release|Win32
		{217AC30E-2378-4D00-8EFC-677C0AB2D80E}.Debug|x64.ActiveCfg = Debug|x64
		{217AC30E-2378-4D00-8EFC-677C0AB2D80E}.Debug|x64.Build.0 = Debug|x64
		{217AC30E-2378-4D00-8EFC-677C0AB2D80E}.Debug|x86.ActiveCfg = Debug|Win32
		{217AC30E-2378-4D00-8EFC-677C0AB2D80E}.Debug|x86.Build.0 = Debug|Win32
		{217AC30E-2378-4D00-8EFC-677C0AB2D80E}.Release|x64.ActiveCfg = Release|x64
		{217AC30E-2378-4D00-8EFC-677C0AB2D80E}.Release|x64.Build.0 = Release|x64
		{217AC30E-2378-4D00-8EFC-677C0AB2D80E}.Release|x86.ActiveCfg = Release|Win32
		{217AC30E-2378-4D00-8EFC-677C0AB2D80E}.Release|x86.Build.0 = Release|Win32
		{1290C7BC-F6F6-4C62-8D17-7F4870CD1A6E}.Debug|x64.ActiveCfg = Debug|x64
		{1290C7BC-F6F6-4C62-8D17-7F4870CD1A6E}.Debug|x64.Build.0 = Debug|x64
		{1290C7BC-F6F6-4C62-8D17-7F4870CD1A6E}.Debug|x86.ActiveCfg = Debug|Win32
		{1290C7BC-F6F6-4C62-8D17-7F4870CD1A6E}.Debug|x86.Build.0 = Debug|Win32
		{1290C7BC-F6F6-4C62-8D17-7F4870CD1A6E}.Release|x64.ActiveCfg = Release|x64
		{1290C7BC-F6F6-4C62-8D17-7F4870CD1A6E}.Release|x64.Build.0 = Release|x64
		{1290C7BC-F6F6-4C62-8D17-7F4870CD1A6E}.Release|x86.ActiveCfg = Release|Win32
		{1290C7BC-F6F6-4C62-8D17-7F4870CD1A6E}.Release|x86.Build.0 = Release|Win32
		{22E90C13-9E85-45E6-8736-00B76C91A08C}.Debug|x64.ActiveCfg = Debug|x64
		{22E90C13-9E85-45E6-8736-00B76C91A08C}.Debug|x64.Build.0 = Debug|x64
		{22E90C13-9E85-45E6-8736-00B76C91A08C}.Debug|x86.ActiveCfg = Debug|Win32
		{22E90C13-9E85-45E6-8736-00B76C91A08C}.Debug|x86.Build.0 = Debug|Win32
		{22E90C13-9E85-45E6-8736-00B76C91A08C}.Release|x64.ActiveCfg = Release|x64
		{22E90C13-9E85-45E6-8736-00B76C91A08C}.Release|x64.Build.0 = Release|x64
		{22E90C13-9E85-45E6-8736-00B76C91A08C}.Release|x86.ActiveCfg = Release|Win32
		{22E90C13-9E85-45E6-8736-00B76C91A08C}.Release|x86.Build.0 = Release|Win32
		{67049A7C-8BC8-4D9C-8EC2-814525D41A2A}.Debug|x64.ActiveCfg = Debug|x64
		{67049A7C-8BC8-4D9C-8EC2-814525D41A2A}.Debug|x64.Build.0 = Debug|x64
		{67049A7C-8BC8-4D9C-8EC2-814525D41A2A}.Debug|x86.ActiveCfg = Debug|Win32
		{67049A7C-8BC8-4D9C-8EC2-814525D41A2A}.Debug|x86.Build.0 = Debug|Win32
		{67049A7C-8BC8-4D9C-8EC2-814525D41A2A}.Release|x64.ActiveCfg = Release|x64
		{67049A7C-8BC8-4D9C-8EC2-814525D41A2A}.Release|x64.Build.0 = Release|x64
		{67049A7C-8BC8-4D9C-8EC2-814525D41A2A}.Release|x86.ActiveCfg = Release|Win32
		{67049A7C-8BC8-4D9C-8EC2-814525D41A2A}.Release|x86.Build.0 = Release|Win32
		{7CB2B6C7-EF14-46E3-A4C1-54A9D8BBF9AB}.Debug|x64.ActiveCfg = Debug|x64
		{7CB2B6C7-EF14-46E3-A4C1-54A9D8BBF9AB}.Debug|x64.Build.0 = Debug|x64
		{7CB2B6C7-EF14-46E3-A4C1-54A9D8BBF9AB}.Debug|x86.ActiveCfg = Debug|Win32
		{7CB2B6C7-EF14-46E3-A4C1-54A9D8BBF9AB}.Debug|x86.Build.0 = Debug|Win32
		{7CB2B6C7-EF14-46E3-A4C1-54A9D8BBF9AB}.Release|x64.ActiveCfg = Release|x64
		{7CB2B6C7-EF14-46E3-A4C1-54A9D8BBF9AB}.Release|x64.Build.0 = Release|x64
		{7CB2B6C7-EF14-46E3-A4C1-54A9D8BBF9AB}.Release|x86.ActiveCfg = Release|Win32
		{7CB2B6C7-EF14-46E3-A4C1-54A9D8BBF9AB}.Release|x86.Build.0 = Release|Win32
	EndGlobalSection
	GlobalSection(SolutionProperties) = preSolution
		HideSolutionNode = FALSE
	EndGlobalSection
EndGlobal
